
Microsoft Visual Studio Solution File, Format Version 12.00
# Visual Studio Version 16
VisualStudioVersion = 16.0.31402.337
MinimumVisualStudioVersion = 10.0.40219.1
Project("{FAE04EC0-301F-11D3-BF4B-00C04F79EFBC}") = "DotNetCoreWebApp", "DotNetCoreWebApp\DotNetCoreWebApp.csproj", "{BFB94E28-E465-4129-BEB8-A92B14B974A7}"
EndProject
Global
	GlobalSection(SolutionConfigurationPlatforms) = preSolution
		Debug|Any CPU = Debug|Any CPU
		Release|Any CPU = Release|Any CPU
	EndGlobalSection
	GlobalSection(ProjectConfigurationPlatforms) = postSolution
		{BFB94E28-E465-4129-BEB8-A92B14B974A7}.Debug|Any CPU.ActiveCfg = Debug|Any CPU
		{BFB94E28-E465-4129-BEB8-A92B14B974A7}.Debug|Any CPU.Build.0 = Debug|Any CPU
		{BFB94E28-E465-4129-BEB8-A92B14B974A7}.Release|Any CPU.ActiveCfg = Release|Any CPU
		{BFB94E28-E465-4129-BEB8-A92B14B974A7}.Release|Any CPU.Build.0 = Release|Any CPU
	EndGlobalSection
	GlobalSection(SolutionProperties) = preSolution
		HideSolutionNode = FALSE
	EndGlobalSection
	GlobalSection(ExtensibilityGlobals) = postSolution
		SolutionGuid = {CFFA5C9B-40AD-4F0A-AA1B-6A76ADC39369}
	EndGlobalSection
EndGlobal
